
Microsoft Visual Studio Solution File, Format Version 12.00
# Visual Studio Version 16
VisualStudioVersion = 16.0.30225.117
MinimumVisualStudioVersion = 10.0.40219.1
Project("{FAE04EC0-301F-11D3-BF4B-00C04F79EFBC}") = "Prism1", "Prism1\Prism1.csproj", "{5A3F67AE-047D-4654-90B1-94043B29B483}"
EndProject
Global
	GlobalSection(SolutionConfigurationPlatforms) = preSolution
		Debug|Any CPU = Debug|Any CPU
		Release|Any CPU = Release|Any CPU
	EndGlobalSection
	GlobalSection(ProjectConfigurationPlatforms) = postSolution
		{5A3F67AE-047D-4654-90B1-94043B29B483}.Debug|Any CPU.ActiveCfg = Debug|Any CPU
		{5A3F67AE-047D-4654-90B1-94043B29B483}.Debug|Any CPU.Build.0 = Debug|Any CPU
		{5A3F67AE-047D-4654-90B1-94043B29B483}.Release|Any CPU.ActiveCfg = Release|Any CPU
		{5A3F67AE-047D-4654-90B1-94043B29B483}.Release|Any CPU.Build.0 = Release|Any CPU
	EndGlobalSection
	GlobalSection(SolutionProperties) = preSolution
		HideSolutionNode = FALSE
	EndGlobalSection
	GlobalSection(ExtensibilityGlobals) = postSolution
		SolutionGuid = {1FA88EFE-B1EC-47AB-A413-EACFE1A9A951}
	EndGlobalSection
EndGlobal
