
Microsoft Visual Studio Solution File, Format Version 12.00
# Visual Studio Version 16
VisualStudioVersion = 16.0.30225.117
MinimumVisualStudioVersion = 10.0.40219.1
Project("{FAE04EC0-301F-11D3-BF4B-00C04F79EFBC}") = "WPF_SimpleCalc", "WPF_SimpleCalc\WPF_SimpleCalc.csproj", "{A6CAC362-1B3F-432C-A1CA-7294BC07AFAF}"
EndProject
Project("{FAE04EC0-301F-11D3-BF4B-00C04F79EFBC}") = "WPF_Cal_SimpleCalc", "WPF_Cal_SimpleCalc\WPF_Cal_SimpleCalc.csproj", "{4E5B7318-5767-483B-BA79-B1555145CC73}"
EndProject
Project("{FAE04EC0-301F-11D3-BF4B-00C04F79EFBC}") = "WPF_Prism_SimpleCalc", "WPF_Prism_SimpleCalc\WPF_Prism_SimpleCalc.csproj", "{095D5765-0587-430A-9FFE-4580C874C945}"
EndProject
Global
	GlobalSection(SolutionConfigurationPlatforms) = preSolution
		Debug|Any CPU = Debug|Any CPU
		Release|Any CPU = Release|Any CPU
	EndGlobalSection
	GlobalSection(ProjectConfigurationPlatforms) = postSolution
		{A6CAC362-1B3F-432C-A1CA-7294BC07AFAF}.Debug|Any CPU.ActiveCfg = Debug|Any CPU
		{A6CAC362-1B3F-432C-A1CA-7294BC07AFAF}.Debug|Any CPU.Build.0 = Debug|Any CPU
		{A6CAC362-1B3F-432C-A1CA-7294BC07AFAF}.Release|Any CPU.ActiveCfg = Release|Any CPU
		{A6CAC362-1B3F-432C-A1CA-7294BC07AFAF}.Release|Any CPU.Build.0 = Release|Any CPU
		{4E5B7318-5767-483B-BA79-B1555145CC73}.Debug|Any CPU.ActiveCfg = Debug|Any CPU
		{4E5B7318-5767-483B-BA79-B1555145CC73}.Debug|Any CPU.Build.0 = Debug|Any CPU
		{4E5B7318-5767-483B-BA79-B1555145CC73}.Release|Any CPU.ActiveCfg = Release|Any CPU
		{4E5B7318-5767-483B-BA79-B1555145CC73}.Release|Any CPU.Build.0 = Release|Any CPU
		{095D5765-0587-430A-9FFE-4580C874C945}.Debug|Any CPU.ActiveCfg = Debug|Any CPU
		{095D5765-0587-430A-9FFE-4580C874C945}.Debug|Any CPU.Build.0 = Debug|Any CPU
		{095D5765-0587-430A-9FFE-4580C874C945}.Release|Any CPU.ActiveCfg = Release|Any CPU
		{095D5765-0587-430A-9FFE-4580C874C945}.Release|Any CPU.Build.0 = Release|Any CPU
	EndGlobalSection
	GlobalSection(SolutionProperties) = preSolution
		HideSolutionNode = FALSE
	EndGlobalSection
	GlobalSection(ExtensibilityGlobals) = postSolution
		SolutionGuid = {EDEC5F20-5741-4828-9E27-5A1D715904F8}
	EndGlobalSection
EndGlobal
